
Microsoft Visual Studio Solution File, Format Version 12.00
# Visual Studio Version 17
VisualStudioVersion = 17.5.33530.505
MinimumVisualStudioVersion = 10.0.40219.1
Project("{FAE04EC0-301F-11D3-BF4B-00C04F79EFBC}") = "InternetShop.SalaryServices", "InternetShop.SaleryServices\InternetShop.SalaryServices.csproj", "{38332C99-2DC4-4028-8484-21F1549EF1A5}"
EndProject
Global
	GlobalSection(SolutionConfigurationPlatforms) = preSolution
		Debug|Any CPU = Debug|Any CPU
		Release|Any CPU = Release|Any CPU
	EndGlobalSection
	GlobalSection(ProjectConfigurationPlatforms) = postSolution
		{38332C99-2DC4-4028-8484-21F1549EF1A5}.Debug|Any CPU.ActiveCfg = Debug|Any CPU
		{38332C99-2DC4-4028-8484-21F1549EF1A5}.Debug|Any CPU.Build.0 = Debug|Any CPU
		{38332C99-2DC4-4028-8484-21F1549EF1A5}.Release|Any CPU.ActiveCfg = Release|Any CPU
		{38332C99-2DC4-4028-8484-21F1549EF1A5}.Release|Any CPU.Build.0 = Release|Any CPU
	EndGlobalSection
	GlobalSection(SolutionProperties) = preSolution
		HideSolutionNode = FALSE
	EndGlobalSection
	GlobalSection(ExtensibilityGlobals) = postSolution
		SolutionGuid = {316C3024-7DC1-4B1D-AD76-4A2603E4B179}
	EndGlobalSection
EndGlobal
