
Microsoft Visual Studio Solution File, Format Version 12.00
# Visual Studio Version 17
VisualStudioVersion = 17.5.33530.505
MinimumVisualStudioVersion = 10.0.40219.1
Project("{FAE04EC0-301F-11D3-BF4B-00C04F79EFBC}") = "BookRecord.Domain", "BookRecord\BookRecord.Domain.csproj", "{1E4C6D78-505E-43AA-B821-3BE0904FE9F1}"
EndProject
Project("{FAE04EC0-301F-11D3-BF4B-00C04F79EFBC}") = "BookRecord.Repository", "BookRecord.Repository\BookRecord.Repository.csproj", "{ED84C1D5-B0EA-484F-8C23-058D1C58E7C1}"
EndProject
Project("{FAE04EC0-301F-11D3-BF4B-00C04F79EFBC}") = "BookRecord.ServiceLogic", "BookRecord.ServiceLogic\BookRecord.ServiceLogic.csproj", "{6CFE0C57-0562-4236-99C8-F0CB86AFA071}"
EndProject
Project("{FAE04EC0-301F-11D3-BF4B-00C04F79EFBC}") = "BookRecord.WebApi", "BookRecord.WebApi\BookRecord.WebApi.csproj", "{2B1A6129-09D2-454B-8A51-8B555C072C90}"
EndProject
Global
	GlobalSection(SolutionConfigurationPlatforms) = preSolution
		Debug|Any CPU = Debug|Any CPU
		Release|Any CPU = Release|Any CPU
	EndGlobalSection
	GlobalSection(ProjectConfigurationPlatforms) = postSolution
		{1E4C6D78-505E-43AA-B821-3BE0904FE9F1}.Debug|Any CPU.ActiveCfg = Debug|Any CPU
		{1E4C6D78-505E-43AA-B821-3BE0904FE9F1}.Debug|Any CPU.Build.0 = Debug|Any CPU
		{1E4C6D78-505E-43AA-B821-3BE0904FE9F1}.Release|Any CPU.ActiveCfg = Release|Any CPU
		{1E4C6D78-505E-43AA-B821-3BE0904FE9F1}.Release|Any CPU.Build.0 = Release|Any CPU
		{ED84C1D5-B0EA-484F-8C23-058D1C58E7C1}.Debug|Any CPU.ActiveCfg = Debug|Any CPU
		{ED84C1D5-B0EA-484F-8C23-058D1C58E7C1}.Debug|Any CPU.Build.0 = Debug|Any CPU
		{ED84C1D5-B0EA-484F-8C23-058D1C58E7C1}.Release|Any CPU.ActiveCfg = Release|Any CPU
		{ED84C1D5-B0EA-484F-8C23-058D1C58E7C1}.Release|Any CPU.Build.0 = Release|Any CPU
		{6CFE0C57-0562-4236-99C8-F0CB86AFA071}.Debug|Any CPU.ActiveCfg = Debug|Any CPU
		{6CFE0C57-0562-4236-99C8-F0CB86AFA071}.Debug|Any CPU.Build.0 = Debug|Any CPU
		{6CFE0C57-0562-4236-99C8-F0CB86AFA071}.Release|Any CPU.ActiveCfg = Release|Any CPU
		{6CFE0C57-0562-4236-99C8-F0CB86AFA071}.Release|Any CPU.Build.0 = Release|Any CPU
		{2B1A6129-09D2-454B-8A51-8B555C072C90}.Debug|Any CPU.ActiveCfg = Debug|Any CPU
		{2B1A6129-09D2-454B-8A51-8B555C072C90}.Debug|Any CPU.Build.0 = Debug|Any CPU
		{2B1A6129-09D2-454B-8A51-8B555C072C90}.Release|Any CPU.ActiveCfg = Release|Any CPU
		{2B1A6129-09D2-454B-8A51-8B555C072C90}.Release|Any CPU.Build.0 = Release|Any CPU
	EndGlobalSection
	GlobalSection(SolutionProperties) = preSolution
		HideSolutionNode = FALSE
	EndGlobalSection
	GlobalSection(ExtensibilityGlobals) = postSolution
		SolutionGuid = {2BB550B5-8F19-49DB-A022-76DD19D41140}
	EndGlobalSection
EndGlobal
