
Microsoft Visual Studio Solution File, Format Version 12.00
# Visual Studio Version 17
VisualStudioVersion = 17.5.33530.505
MinimumVisualStudioVersion = 10.0.40219.1
Project("{FAE04EC0-301F-11D3-BF4B-00C04F79EFBC}") = "Oponeo.Orders.Domain", "Oponeo.Orders.Domain\Oponeo.Orders.Domain.csproj", "{F4FED53F-2BA5-46BC-A2D4-16FEF8FA4D7F}"
EndProject
Project("{FAE04EC0-301F-11D3-BF4B-00C04F79EFBC}") = "Oponeo.Orders.BusinessLogic", "Oponeo.Orders.BusinessLogic\Oponeo.Orders.BusinessLogic.csproj", "{EBE13051-B64D-42D0-87E1-267542881B86}"
EndProject
Project("{FAE04EC0-301F-11D3-BF4B-00C04F79EFBC}") = "OponeoOrders.Tests", "OponeoOrders.Tests\OponeoOrders.Tests.csproj", "{B80ACB66-3F8C-4860-BE97-E399D2F41B47}"
EndProject
Global
	GlobalSection(SolutionConfigurationPlatforms) = preSolution
		Debug|Any CPU = Debug|Any CPU
		Release|Any CPU = Release|Any CPU
	EndGlobalSection
	GlobalSection(ProjectConfigurationPlatforms) = postSolution
		{F4FED53F-2BA5-46BC-A2D4-16FEF8FA4D7F}.Debug|Any CPU.ActiveCfg = Debug|Any CPU
		{F4FED53F-2BA5-46BC-A2D4-16FEF8FA4D7F}.Debug|Any CPU.Build.0 = Debug|Any CPU
		{F4FED53F-2BA5-46BC-A2D4-16FEF8FA4D7F}.Release|Any CPU.ActiveCfg = Release|Any CPU
		{F4FED53F-2BA5-46BC-A2D4-16FEF8FA4D7F}.Release|Any CPU.Build.0 = Release|Any CPU
		{EBE13051-B64D-42D0-87E1-267542881B86}.Debug|Any CPU.ActiveCfg = Debug|Any CPU
		{EBE13051-B64D-42D0-87E1-267542881B86}.Debug|Any CPU.Build.0 = Debug|Any CPU
		{EBE13051-B64D-42D0-87E1-267542881B86}.Release|Any CPU.ActiveCfg = Release|Any CPU
		{EBE13051-B64D-42D0-87E1-267542881B86}.Release|Any CPU.Build.0 = Release|Any CPU
		{B80ACB66-3F8C-4860-BE97-E399D2F41B47}.Debug|Any CPU.ActiveCfg = Debug|Any CPU
		{B80ACB66-3F8C-4860-BE97-E399D2F41B47}.Debug|Any CPU.Build.0 = Debug|Any CPU
		{B80ACB66-3F8C-4860-BE97-E399D2F41B47}.Release|Any CPU.ActiveCfg = Release|Any CPU
		{B80ACB66-3F8C-4860-BE97-E399D2F41B47}.Release|Any CPU.Build.0 = Release|Any CPU
	EndGlobalSection
	GlobalSection(SolutionProperties) = preSolution
		HideSolutionNode = FALSE
	EndGlobalSection
	GlobalSection(ExtensibilityGlobals) = postSolution
		SolutionGuid = {197FC98B-E7D2-4759-80A1-1F1A78E7B57F}
	EndGlobalSection
EndGlobal
